
Microsoft Visual Studio Solution File, Format Version 12.00
# Visual Studio Version 17
VisualStudioVersion = 17.1.32421.90
MinimumVisualStudioVersion = 10.0.40219.1
Project("{FAE04EC0-301F-11D3-BF4B-00C04F79EFBC}") = "ModuleEmployeeMVC", "ModuleEmployeeMVC\ModuleEmployeeMVC.csproj", "{EDCF8941-D267-49F8-9D31-AFBCB43BF3FF}"
EndProject
Global
	GlobalSection(SolutionConfigurationPlatforms) = preSolution
		Debug|Any CPU = Debug|Any CPU
		Release|Any CPU = Release|Any CPU
	EndGlobalSection
	GlobalSection(ProjectConfigurationPlatforms) = postSolution
		{EDCF8941-D267-49F8-9D31-AFBCB43BF3FF}.Debug|Any CPU.ActiveCfg = Debug|Any CPU
		{EDCF8941-D267-49F8-9D31-AFBCB43BF3FF}.Debug|Any CPU.Build.0 = Debug|Any CPU
		{EDCF8941-D267-49F8-9D31-AFBCB43BF3FF}.Release|Any CPU.ActiveCfg = Release|Any CPU
		{EDCF8941-D267-49F8-9D31-AFBCB43BF3FF}.Release|Any CPU.Build.0 = Release|Any CPU
	EndGlobalSection
	GlobalSection(SolutionProperties) = preSolution
		HideSolutionNode = FALSE
	EndGlobalSection
	GlobalSection(ExtensibilityGlobals) = postSolution
		SolutionGuid = {60172573-486C-4634-93FA-39206D83323D}
	EndGlobalSection
EndGlobal
